
Microsoft Visual Studio Solution File, Format Version 12.00
# Visual Studio 14
VisualStudioVersion = 14.0.25420.1
MinimumVisualStudioVersion = 10.0.40219.1
Project("{FAE04EC0-301F-11D3-BF4B-00C04F79EFBC}") = "QuanLyThuVienMTA", "QuanLyThuVienMTA\QuanLyThuVienMTA.csproj", "{FFECCF9B-237E-4D1A-82BF-66E1F5A3A879}"
EndProject
Project("{FAE04EC0-301F-11D3-BF4B-00C04F79EFBC}") = "Entity", "Entity\Entity.csproj", "{05393E2C-EEFB-46A4-8F9D-5CFCE20593FC}"
EndProject
Project("{FAE04EC0-301F-11D3-BF4B-00C04F79EFBC}") = "DAL", "DAL\DAL.csproj", "{EFC5266F-286E-409C-BD75-BFF384EF4C30}"
EndProject
Project("{FAE04EC0-301F-11D3-BF4B-00C04F79EFBC}") = "BUS", "BUS\BUS.csproj", "{2ECBCC37-2509-4A27-A4AC-8B54D722123D}"
EndProject
Global
	GlobalSection(SolutionConfigurationPlatforms) = preSolution
		Debug|Any CPU = Debug|Any CPU
		Release|Any CPU = Release|Any CPU
	EndGlobalSection
	GlobalSection(ProjectConfigurationPlatforms) = postSolution
		{FFECCF9B-237E-4D1A-82BF-66E1F5A3A879}.Debug|Any CPU.ActiveCfg = Debug|Any CPU
		{FFECCF9B-237E-4D1A-82BF-66E1F5A3A879}.Debug|Any CPU.Build.0 = Debug|Any CPU
		{FFECCF9B-237E-4D1A-82BF-66E1F5A3A879}.Release|Any CPU.ActiveCfg = Release|Any CPU
		{FFECCF9B-237E-4D1A-82BF-66E1F5A3A879}.Release|Any CPU.Build.0 = Release|Any CPU
		{05393E2C-EEFB-46A4-8F9D-5CFCE20593FC}.Debug|Any CPU.ActiveCfg = Debug|Any CPU
		{05393E2C-EEFB-46A4-8F9D-5CFCE20593FC}.Debug|Any CPU.Build.0 = Debug|Any CPU
		{05393E2C-EEFB-46A4-8F9D-5CFCE20593FC}.Release|Any CPU.ActiveCfg = Release|Any CPU
		{05393E2C-EEFB-46A4-8F9D-5CFCE20593FC}.Release|Any CPU.Build.0 = Release|Any CPU
		{EFC5266F-286E-409C-BD75-BFF384EF4C30}.Debug|Any CPU.ActiveCfg = Debug|Any CPU
		{EFC5266F-286E-409C-BD75-BFF384EF4C30}.Debug|Any CPU.Build.0 = Debug|Any CPU
		{EFC5266F-286E-409C-BD75-BFF384EF4C30}.Release|Any CPU.ActiveCfg = Release|Any CPU
		{EFC5266F-286E-409C-BD75-BFF384EF4C30}.Release|Any CPU.Build.0 = Release|Any CPU
		{2ECBCC37-2509-4A27-A4AC-8B54D722123D}.Debug|Any CPU.ActiveCfg = Debug|Any CPU
		{2ECBCC37-2509-4A27-A4AC-8B54D722123D}.Debug|Any CPU.Build.0 = Debug|Any CPU
		{2ECBCC37-2509-4A27-A4AC-8B54D722123D}.Release|Any CPU.ActiveCfg = Release|Any CPU
		{2ECBCC37-2509-4A27-A4AC-8B54D722123D}.Release|Any CPU.Build.0 = Release|Any CPU
	EndGlobalSection
	GlobalSection(SolutionProperties) = preSolution
		HideSolutionNode = FALSE
	EndGlobalSection
EndGlobal
